
Microsoft Visual Studio Solution File, Format Version 12.00
# Visual Studio Version 17
VisualStudioVersion = 17.4.33213.308
MinimumVisualStudioVersion = 10.0.40219.1
Project("{E24C65DC-7377-472B-9ABA-BC803B73C61A}") = "EasyLifeCRM", ".", "{93D550B9-EFAC-48B6-982D-6E0C7092ED5A}"
	ProjectSection(WebsiteProperties) = preProject
		TargetFrameworkMoniker = ".NETFramework,Version%3Dv4.8"
		Debug.AspNetCompiler.VirtualPath = "/localhost_51851"
		Debug.AspNetCompiler.PhysicalPath = "..\EasyLifeCRM\"
		Debug.AspNetCompiler.TargetPath = "PrecompiledWeb\localhost_51851\"
		Debug.AspNetCompiler.Updateable = "true"
		Debug.AspNetCompiler.ForceOverwrite = "true"
		Debug.AspNetCompiler.FixedNames = "false"
		Debug.AspNetCompiler.Debug = "True"
		Release.AspNetCompiler.VirtualPath = "/localhost_51851"
		Release.AspNetCompiler.PhysicalPath = "..\EasyLifeCRM\"
		Release.AspNetCompiler.TargetPath = "PrecompiledWeb\localhost_51851\"
		Release.AspNetCompiler.Updateable = "true"
		Release.AspNetCompiler.ForceOverwrite = "true"
		Release.AspNetCompiler.FixedNames = "false"
		Release.AspNetCompiler.Debug = "False"
		VWDPort = "51851"
		SlnRelativePath = "..\EasyLifeCRM\"
		DefaultWebSiteLanguage = "Visual C#"
	EndProjectSection
EndProject
Global
	GlobalSection(SolutionConfigurationPlatforms) = preSolution
		Debug|Any CPU = Debug|Any CPU
	EndGlobalSection
	GlobalSection(ProjectConfigurationPlatforms) = postSolution
		{93D550B9-EFAC-48B6-982D-6E0C7092ED5A}.Debug|Any CPU.ActiveCfg = Debug|Any CPU
		{93D550B9-EFAC-48B6-982D-6E0C7092ED5A}.Debug|Any CPU.Build.0 = Debug|Any CPU
	EndGlobalSection
	GlobalSection(SolutionProperties) = preSolution
		HideSolutionNode = FALSE
	EndGlobalSection
	GlobalSection(ExtensibilityGlobals) = postSolution
		SolutionGuid = {72D42D61-970E-4723-8BEF-8698F96D2593}
	EndGlobalSection
EndGlobal
